{
    "_readme": [
        "This file locks the dependencies of your project to a known state",
        "Read more about it at https://getcomposer.org/doc/01-basic-usage.md#composer-lock-the-lock-file",
        "This file is @generated automatically"
    ],
    "hash": "d8ad4edc9f48f81ada4fb42b301b523b",
    "packages": [
        {
            "name": "gloeckchen/magic-meta-box",
            "version": "dev-master",
            "source": {
                "type": "git",
                "url": "https://github.com/Gloeckchen/MagicMetaBox.git",
                "reference": "5949ff5e517b51bba39c04d6e0987a1f4b2860da"
            },
            "dist": {
                "type": "zip",
                "url": "https://api.github.com/repos/Gloeckchen/MagicMetaBox/zipball/5949ff5e517b51bba39c04d6e0987a1f4b2860da",
                "reference": "5949ff5e517b51bba39c04d6e0987a1f4b2860da",
                "shasum": ""
            },
            "require": {
                "php": ">=5.3.0"
            },
            "type": "library",
            "autoload": {
                "psr-4": {
                    "MagicMetaBox\\": "src/MagicMetaBox"
                }
            },
            "notification-url": "https://packagist.org/downloads/",
            "license": [
                "MIT"
            ],
            "authors": [
                {
                    "name": "Marcel Kempf",
                    "email": "gloeckchenxvx@gmail.com"
                }
            ],
            "description": "Helper class to generate wordpress metaboxe",
            "homepage": "https://github.com/Gloeckchen/MagicMetaBox",
            "keywords": [
                "metabox",
                "wordpress"
            ],
            "time": "2015-07-01 13:38:25"
        },
        {
            "name": "mobiledetect/mobiledetectlib",
            "version": "dev-master",
            "source": {
                "type": "git",
                "url": "https://github.com/serbanghita/Mobile-Detect.git",
                "reference": "6495567afe1486353bec82d6b2de6f98553d60a5"
            },
            "dist": {
                "type": "zip",
                "url": "https://api.github.com/repos/serbanghita/Mobile-Detect/zipball/6495567afe1486353bec82d6b2de6f98553d60a5",
                "reference": "6495567afe1486353bec82d6b2de6f98553d60a5",
                "shasum": ""
            },
            "require": {
                "php": ">=5.0.0"
            },
            "require-dev": {
                "codeclimate/php-test-reporter": "dev-master",
                "johnkary/phpunit-speedtrap": "~1.0@dev",
                "phpunit/phpunit": "*"
            },
            "type": "library",
            "autoload": {
                "classmap": [
                    "Mobile_Detect.php"
                ],
                "psr-0": {
                    "Detection": "namespaced/"
                }
            },
            "notification-url": "https://packagist.org/downloads/",
            "license": [
                "MIT"
            ],
            "authors": [
                {
                    "name": "Serban Ghita",
                    "email": "serbanghita@gmail.com",
                    "homepage": "http://mobiledetect.net",
                    "role": "Developer"
                }
            ],
            "description": "Mobile_Detect is a lightweight PHP class for detecting mobile devices. It uses the User-Agent string combined with specific HTTP headers to detect the mobile environment.",
            "homepage": "https://github.com/serbanghita/Mobile-Detect",
            "keywords": [
                "detect mobile devices",
                "mobile",
                "mobile detect",
                "mobile detector",
                "php mobile detect"
            ],
            "time": "2015-06-18 09:43:23"
        }
    ],
    "packages-dev": [],
    "aliases": [],
    "minimum-stability": "dev",
    "stability-flags": [],
    "prefer-stable": false,
    "prefer-lowest": false,
    "platform": [],
    "platform-dev": []
}
